
Microsoft Visual Studio Solution File, Format Version 12.00
# Visual Studio 2017
Project("{FAE04EC0-301F-11D3-BF4B-00C04F79EFBC}") = "testSpeak", "testSpeak.csproj", "{B5CC14C7-CFB1-B054-308C-88D5E21B6C97}"
EndProject
Project("{FAE04EC0-301F-11D3-BF4B-00C04F79EFBC}") = "testSpeak.Editor", "testSpeak.Editor.csproj", "{622E9901-6E0C-E3B5-D228-79F073476512}"
EndProject
Global
	GlobalSection(SolutionConfigurationPlatforms) = preSolution
		Debug|Any CPU = Debug|Any CPU
		Release|Any CPU = Release|Any CPU
	EndGlobalSection
	GlobalSection(ProjectConfigurationPlatforms) = postSolution
		{B5CC14C7-CFB1-B054-308C-88D5E21B6C97}.Debug|Any CPU.ActiveCfg = Debug|Any CPU
		{B5CC14C7-CFB1-B054-308C-88D5E21B6C97}.Debug|Any CPU.Build.0 = Debug|Any CPU
		{B5CC14C7-CFB1-B054-308C-88D5E21B6C97}.Release|Any CPU.ActiveCfg = Release|Any CPU
		{B5CC14C7-CFB1-B054-308C-88D5E21B6C97}.Release|Any CPU.Build.0 = Release|Any CPU
		{622E9901-6E0C-E3B5-D228-79F073476512}.Debug|Any CPU.ActiveCfg = Debug|Any CPU
		{622E9901-6E0C-E3B5-D228-79F073476512}.Debug|Any CPU.Build.0 = Debug|Any CPU
		{622E9901-6E0C-E3B5-D228-79F073476512}.Release|Any CPU.ActiveCfg = Release|Any CPU
		{622E9901-6E0C-E3B5-D228-79F073476512}.Release|Any CPU.Build.0 = Release|Any CPU
	EndGlobalSection
	GlobalSection(SolutionProperties) = preSolution
		HideSolutionNode = FALSE
	EndGlobalSection
EndGlobal
